// !$*UTF8*$!
{
	archiveVersion = 1;
	classes = {
	};
	objectVersion = 50;
	objects = {

/* Begin PBXBuildFile section */
		09B3C6B027B784B5008DDEAE /* main.c in Sources */ = {isa = PBXBuildFile; fileRef = 09B3C6AF27B784B5008DDEAE /* main.c */; };
		09B3C6B927B78C5F008DDEAE /* libSDL2.a in Frameworks */ = {isa = PBXBuildFile; fileRef = 09B3C6B727B78C5F008DDEAE /* libSDL2.a */; };
		09B3C6BA27B78C5F008DDEAE /* libSDL2main.a in Frameworks */ = {isa = PBXBuildFile; fileRef = 09B3C6B827B78C5F008DDEAE /* libSDL2main.a */; };
		09B3C70D27C2AF6F008DDEAE /* p_game.c in Sources */ = {isa = PBXBuildFile; fileRef = 09B3C70C27C2AF6F008DDEAE /* p_game.c */; };
		09B3C71B27C2B2FE008DDEAE /* p_renderer.c in Sources */ = {isa = PBXBuildFile; fileRef = 09B3C71A27C2B2FE008DDEAE /* p_renderer.c */; };
		09B3C71D27C2B357008DDEAE /* p_scene.c in Sources */ = {isa = PBXBuildFile; fileRef = 09B3C71C27C2B357008DDEAE /* p_scene.c */; };
		09B3C71F27C2B38E008DDEAE /* p_subsystems.c in Sources */ = {isa = PBXBuildFile; fileRef = 09B3C71E27C2B38E008DDEAE /* p_subsystems.c */; };
		09B3C72127C2B3B2008DDEAE /* p_window.c in Sources */ = {isa = PBXBuildFile; fileRef = 09B3C72027C2B3B1008DDEAE /* p_window.c */; };
/* End PBXBuildFile section */

/* Begin PBXCopyFilesBuildPhase section */
		09B3C6AA27B784B5008DDEAE /* CopyFiles */ = {
			isa = PBXCopyFilesBuildPhase;
			buildActionMask = 2147483647;
			dstPath = /usr/share/man/man1/;
			dstSubfolderSpec = 0;
			files = (
			);
			runOnlyForDeploymentPostprocessing = 1;
		};
/* End PBXCopyFilesBuildPhase section */

/* Begin PBXFileReference section */
		09B3C6AC27B784B5008DDEAE /* Pong */ = {isa = PBXFileReference; explicitFileType = "compiled.mach-o.executable"; includeInIndex = 0; path = Pong; sourceTree = BUILT_PRODUCTS_DIR; };
		09B3C6AF27B784B5008DDEAE /* main.c */ = {isa = PBXFileReference; lastKnownFileType = sourcecode.c.c; path = main.c; sourceTree = "<group>"; };
		09B3C6B727B78C5F008DDEAE /* libSDL2.a */ = {isa = PBXFileReference; lastKnownFileType = archive.ar; name = libSDL2.a; path = ../../../../usr/local/Cellar/sdl2/2.0.14_1/lib/libSDL2.a; sourceTree = "<group>"; };
		09B3C6B827B78C5F008DDEAE /* libSDL2main.a */ = {isa = PBXFileReference; lastKnownFileType = archive.ar; name = libSDL2main.a; path = ../../../../usr/local/Cellar/sdl2/2.0.14_1/lib/libSDL2main.a; sourceTree = "<group>"; };
		09B3C6FE27C29B62008DDEAE /* pong.h */ = {isa = PBXFileReference; fileEncoding = 4; lastKnownFileType = sourcecode.c.h; path = pong.h; sourceTree = "<group>"; };
		09B3C70C27C2AF6F008DDEAE /* p_game.c */ = {isa = PBXFileReference; fileEncoding = 4; lastKnownFileType = sourcecode.c.c; path = p_game.c; sourceTree = "<group>"; };
		09B3C71A27C2B2FE008DDEAE /* p_renderer.c */ = {isa = PBXFileReference; fileEncoding = 4; lastKnownFileType = sourcecode.c.c; path = p_renderer.c; sourceTree = "<group>"; };
		09B3C71C27C2B357008DDEAE /* p_scene.c */ = {isa = PBXFileReference; fileEncoding = 4; lastKnownFileType = sourcecode.c.c; path = p_scene.c; sourceTree = "<group>"; };
		09B3C71E27C2B38E008DDEAE /* p_subsystems.c */ = {isa = PBXFileReference; fileEncoding = 4; lastKnownFileType = sourcecode.c.c; path = p_subsystems.c; sourceTree = "<group>"; };
		09B3C72027C2B3B1008DDEAE /* p_window.c */ = {isa = PBXFileReference; fileEncoding = 4; lastKnownFileType = sourcecode.c.c; path = p_window.c; sourceTree = "<group>"; };
		09B3C72227C2B945008DDEAE /* pong_internal.h */ = {isa = PBXFileReference; lastKnownFileType = sourcecode.c.h; path = pong_internal.h; sourceTree = "<group>"; };
		09B3C73F27CBF463008DDEAE /* pong_includes.h */ = {isa = PBXFileReference; lastKnownFileType = sourcecode.c.h; path = pong_includes.h; sourceTree = "<group>"; };
/* End PBXFileReference section */

/* Begin PBXFrameworksBuildPhase section */
		09B3C6A927B784B5008DDEAE /* Frameworks */ = {
			isa = PBXFrameworksBuildPhase;
			buildActionMask = 2147483647;
			files = (
				09B3C6B927B78C5F008DDEAE /* libSDL2.a in Frameworks */,
				09B3C6BA27B78C5F008DDEAE /* libSDL2main.a in Frameworks */,
			);
			runOnlyForDeploymentPostprocessing = 0;
		};
/* End PBXFrameworksBuildPhase section */

/* Begin PBXGroup section */
		09B3C6A327B784B5008DDEAE = {
			isa = PBXGroup;
			children = (
				09B3C6AE27B784B5008DDEAE /* Pong */,
				09B3C6AD27B784B5008DDEAE /* Products */,
				09B3C6B627B78C5F008DDEAE /* Frameworks */,
			);
			sourceTree = "<group>";
		};
		09B3C6AD27B784B5008DDEAE /* Products */ = {
			isa = PBXGroup;
			children = (
				09B3C6AC27B784B5008DDEAE /* Pong */,
			);
			name = Products;
			sourceTree = "<group>";
		};
		09B3C6AE27B784B5008DDEAE /* Pong */ = {
			isa = PBXGroup;
			children = (
				09B3C6D627C2748B008DDEAE /* pong */,
				09B3C6AF27B784B5008DDEAE /* main.c */,
			);
			path = Pong;
			sourceTree = "<group>";
		};
		09B3C6B627B78C5F008DDEAE /* Frameworks */ = {
			isa = PBXGroup;
			children = (
				09B3C6B727B78C5F008DDEAE /* libSDL2.a */,
				09B3C6B827B78C5F008DDEAE /* libSDL2main.a */,
			);
			name = Frameworks;
			sourceTree = "<group>";
		};
		09B3C6D627C2748B008DDEAE /* pong */ = {
			isa = PBXGroup;
			children = (
				09B3C70C27C2AF6F008DDEAE /* p_game.c */,
				09B3C71A27C2B2FE008DDEAE /* p_renderer.c */,
				09B3C71C27C2B357008DDEAE /* p_scene.c */,
				09B3C71E27C2B38E008DDEAE /* p_subsystems.c */,
				09B3C72027C2B3B1008DDEAE /* p_window.c */,
				09B3C6FE27C29B62008DDEAE /* pong.h */,
				09B3C73F27CBF463008DDEAE /* pong_includes.h */,
				09B3C72227C2B945008DDEAE /* pong_internal.h */,
			);
			path = pong;
			sourceTree = "<group>";
		};
/* End PBXGroup section */

/* Begin PBXNativeTarget section */
		09B3C6AB27B784B5008DDEAE /* Pong */ = {
			isa = PBXNativeTarget;
			buildConfigurationList = 09B3C6B327B784B5008DDEAE /* Build configuration list for PBXNativeTarget "Pong" */;
			buildPhases = (
				09B3C6A827B784B5008DDEAE /* Sources */,
				09B3C6A927B784B5008DDEAE /* Frameworks */,
				09B3C6AA27B784B5008DDEAE /* CopyFiles */,
			);
			buildRules = (
			);
			dependencies = (
			);
			name = Pong;
			productName = Pong;
			productReference = 09B3C6AC27B784B5008DDEAE /* Pong */;
			productType = "com.apple.product-type.tool";
		};
/* End PBXNativeTarget section */

/* Begin PBXProject section */
		09B3C6A427B784B5008DDEAE /* Project object */ = {
			isa = PBXProject;
			attributes = {
				LastUpgradeCheck = 1130;
				ORGANIZATIONNAME = "Kaji Tetsushi";
				TargetAttributes = {
					09B3C6AB27B784B5008DDEAE = {
						CreatedOnToolsVersion = 11.3.1;
					};
				};
			};
			buildConfigurationList = 09B3C6A727B784B5008DDEAE /* Build configuration list for PBXProject "Pong" */;
			compatibilityVersion = "Xcode 9.3";
			developmentRegion = en;
			hasScannedForEncodings = 0;
			knownRegions = (
				en,
				Base,
			);
			mainGroup = 09B3C6A327B784B5008DDEAE;
			productRefGroup = 09B3C6AD27B784B5008DDEAE /* Products */;
			projectDirPath = "";
			projectRoot = "";
			targets = (
				09B3C6AB27B784B5008DDEAE /* Pong */,
			);
		};
/* End PBXProject section */

/* Begin PBXSourcesBuildPhase section */
		09B3C6A827B784B5008DDEAE /* Sources */ = {
			isa = PBXSourcesBuildPhase;
			buildActionMask = 2147483647;
			files = (
				09B3C70D27C2AF6F008DDEAE /* p_game.c in Sources */,
				09B3C71B27C2B2FE008DDEAE /* p_renderer.c in Sources */,
				09B3C71D27C2B357008DDEAE /* p_scene.c in Sources */,
				09B3C71F27C2B38E008DDEAE /* p_subsystems.c in Sources */,
				09B3C72127C2B3B2008DDEAE /* p_window.c in Sources */,
				09B3C6B027B784B5008DDEAE /* main.c in Sources */,
			);
			runOnlyForDeploymentPostprocessing = 0;
		};
/* End PBXSourcesBuildPhase section */

/* Begin XCBuildConfiguration section */
		09B3C6B127B784B5008DDEAE /* Debug */ = {
			isa = XCBuildConfiguration;
			buildSettings = {
				ALWAYS_SEARCH_USER_PATHS = NO;
				CLANG_ANALYZER_NONNULL = YES;
				CLANG_ANALYZER_NUMBER_OBJECT_CONVERSION = YES_AGGRESSIVE;
				CLANG_CXX_LANGUAGE_STANDARD = "gnu++14";
				CLANG_CXX_LIBRARY = "libc++";
				CLANG_ENABLE_MODULES = YES;
				CLANG_ENABLE_OBJC_ARC = YES;
				CLANG_ENABLE_OBJC_WEAK = YES;
				CLANG_WARN_BLOCK_CAPTURE_AUTORELEASING = YES;
				CLANG_WARN_BOOL_CONVERSION = YES;
				CLANG_WARN_COMMA = YES;
				CLANG_WARN_CONSTANT_CONVERSION = YES;
				CLANG_WARN_DEPRECATED_OBJC_IMPLEMENTATIONS = YES;
				CLANG_WARN_DIRECT_OBJC_ISA_USAGE = YES_ERROR;
				CLANG_WARN_DOCUMENTATION_COMMENTS = YES;
				CLANG_WARN_EMPTY_BODY = YES;
				CLANG_WARN_ENUM_CONVERSION = YES;
				CLANG_WARN_INFINITE_RECURSION = YES;
				CLANG_WARN_INT_CONVERSION = YES;
				CLANG_WARN_NON_LITERAL_NULL_CONVERSION = YES;
				CLANG_WARN_OBJC_IMPLICIT_RETAIN_SELF = YES;
				CLANG_WARN_OBJC_LITERAL_CONVERSION = YES;
				CLANG_WARN_OBJC_ROOT_CLASS = YES_ERROR;
				CLANG_WARN_RANGE_LOOP_ANALYSIS = YES;
				CLANG_WARN_STRICT_PROTOTYPES = YES;
				CLANG_WARN_SUSPICIOUS_MOVE = YES;
				CLANG_WARN_UNGUARDED_AVAILABILITY = YES_AGGRESSIVE;
				CLANG_WARN_UNREACHABLE_CODE = YES;
				CLANG_WARN__DUPLICATE_METHOD_MATCH = YES;
				COPY_PHASE_STRIP = NO;
				DEBUG_INFORMATION_FORMAT = dwarf;
				ENABLE_STRICT_OBJC_MSGSEND = YES;
				ENABLE_TESTABILITY = YES;
				GCC_C_LANGUAGE_STANDARD = gnu11;
				GCC_DYNAMIC_NO_PIC = NO;
				GCC_NO_COMMON_BLOCKS = YES;
				GCC_OPTIMIZATION_LEVEL = 0;
				GCC_PREPROCESSOR_DEFINITIONS = (
					"DEBUG=1",
					"$(inherited)",
				);
				GCC_WARN_64_TO_32_BIT_CONVERSION = YES;
				GCC_WARN_ABOUT_RETURN_TYPE = YES_ERROR;
				GCC_WARN_UNDECLARED_SELECTOR = YES;
				GCC_WARN_UNINITIALIZED_AUTOS = YES_AGGRESSIVE;
				GCC_WARN_UNUSED_FUNCTION = YES;
				GCC_WARN_UNUSED_VARIABLE = YES;
				MACOSX_DEPLOYMENT_TARGET = 10.14;
				MTL_ENABLE_DEBUG_INFO = INCLUDE_SOURCE;
				MTL_FAST_MATH = YES;
				ONLY_ACTIVE_ARCH = YES;
				SDKROOT = macosx;
			};
			name = Debug;
		};
		09B3C6B227B784B5008DDEAE /* Release */ = {
			isa = XCBuildConfiguration;
			buildSettings = {
				ALWAYS_SEARCH_USER_PATHS = NO;
				CLANG_ANALYZER_NONNULL = YES;
				CLANG_ANALYZER_NUMBER_OBJECT_CONVERSION = YES_AGGRESSIVE;
				CLANG_CXX_LANGUAGE_STANDARD = "gnu++14";
				CLANG_CXX_LIBRARY = "libc++";
				CLANG_ENABLE_MODULES = YES;
				CLANG_ENABLE_OBJC_ARC = YES;
				CLANG_ENABLE_OBJC_WEAK = YES;
				CLANG_WARN_BLOCK_CAPTURE_AUTORELEASING = YES;
				CLANG_WARN_BOOL_CONVERSION = YES;
				CLANG_WARN_COMMA = YES;
				CLANG_WARN_CONSTANT_CONVERSION = YES;
				CLANG_WARN_DEPRECATED_OBJC_IMPLEMENTATIONS = YES;
				CLANG_WARN_DIRECT_OBJC_ISA_USAGE = YES_ERROR;
				CLANG_WARN_DOCUMENTATION_COMMENTS = YES;
				CLANG_WARN_EMPTY_BODY = YES;
				CLANG_WARN_ENUM_CONVERSION = YES;
				CLANG_WARN_INFINITE_RECURSION = YES;
				CLANG_WARN_INT_CONVERSION = YES;
				CLANG_WARN_NON_LITERAL_NULL_CONVERSION = YES;
				CLANG_WARN_OBJC_IMPLICIT_RETAIN_SELF = YES;
				CLANG_WARN_OBJC_LITERAL_CONVERSION = YES;
				CLANG_WARN_OBJC_ROOT_CLASS = YES_ERROR;
				CLANG_WARN_RANGE_LOOP_ANALYSIS = YES;
				CLANG_WARN_STRICT_PROTOTYPES = YES;
				CLANG_WARN_SUSPICIOUS_MOVE = YES;
				CLANG_WARN_UNGUARDED_AVAILABILITY = YES_AGGRESSIVE;
				CLANG_WARN_UNREACHABLE_CODE = YES;
				CLANG_WARN__DUPLICATE_METHOD_MATCH = YES;
				COPY_PHASE_STRIP = NO;
				DEBUG_INFORMATION_FORMAT = "dwarf-with-dsym";
				ENABLE_NS_ASSERTIONS = NO;
				ENABLE_STRICT_OBJC_MSGSEND = YES;
				GCC_C_LANGUAGE_STANDARD = gnu11;
				GCC_NO_COMMON_BLOCKS = YES;
				GCC_WARN_64_TO_32_BIT_CONVERSION = YES;
				GCC_WARN_ABOUT_RETURN_TYPE = YES_ERROR;
				GCC_WARN_UNDECLARED_SELECTOR = YES;
				GCC_WARN_UNINITIALIZED_AUTOS = YES_AGGRESSIVE;
				GCC_WARN_UNUSED_FUNCTION = YES;
				GCC_WARN_UNUSED_VARIABLE = YES;
				MACOSX_DEPLOYMENT_TARGET = 10.14;
				MTL_ENABLE_DEBUG_INFO = NO;
				MTL_FAST_MATH = YES;
				SDKROOT = macosx;
			};
			name = Release;
		};
		09B3C6B427B784B5008DDEAE /* Debug */ = {
			isa = XCBuildConfiguration;
			buildSettings = {
				CODE_SIGN_STYLE = Automatic;
				HEADER_SEARCH_PATHS = /usr/local/include;
				LIBRARY_SEARCH_PATHS = (
					/usr/local/lib,
					/usr/local/Cellar/sdl2/2.0.14_1/lib,
				);
				PRODUCT_BUNDLE_IDENTIFIER = net.kajitetsushi.Pong;
				PRODUCT_NAME = "$(TARGET_NAME)";
			};
			name = Debug;
		};
		09B3C6B527B784B5008DDEAE /* Release */ = {
			isa = XCBuildConfiguration;
			buildSettings = {
				CODE_SIGN_STYLE = Automatic;
				HEADER_SEARCH_PATHS = /usr/local/include;
				LIBRARY_SEARCH_PATHS = (
					/usr/local/lib,
					/usr/local/Cellar/sdl2/2.0.14_1/lib,
				);
				PRODUCT_BUNDLE_IDENTIFIER = net.kajitetsushi.Pong;
				PRODUCT_NAME = "$(TARGET_NAME)";
			};
			name = Release;
		};
/* End XCBuildConfiguration section */

/* Begin XCConfigurationList section */
		09B3C6A727B784B5008DDEAE /* Build configuration list for PBXProject "Pong" */ = {
			isa = XCConfigurationList;
			buildConfigurations = (
				09B3C6B127B784B5008DDEAE /* Debug */,
				09B3C6B227B784B5008DDEAE /* Release */,
			);
			defaultConfigurationIsVisible = 0;
			defaultConfigurationName = Release;
		};
		09B3C6B327B784B5008DDEAE /* Build configuration list for PBXNativeTarget "Pong" */ = {
			isa = XCConfigurationList;
			buildConfigurations = (
				09B3C6B427B784B5008DDEAE /* Debug */,
				09B3C6B527B784B5008DDEAE /* Release */,
			);
			defaultConfigurationIsVisible = 0;
			defaultConfigurationName = Release;
		};
/* End XCConfigurationList section */
	};
	rootObject = 09B3C6A427B784B5008DDEAE /* Project object */;
}
